{
  "requires": true,
  "lockfileVersion": 1,
  "dependencies": {
    "ansi-colors": {
      "version": "4.1.1",
      "resolved": "https://registry.npm.taobao.org/ansi-colors/download/ansi-colors-4.1.1.tgz",
      "integrity": "sha1-y7muJWv3UK8eqzRPIpqif+lLo0g="
    },
    "vant-weapp": {
      "version": "0.5.22",
      "resolved": "https://registry.npm.taobao.org/vant-weapp/download/vant-weapp-0.5.22.tgz",
      "integrity": "sha1-v+r33Ot0hCRKNLKdJ+AAbZgO4V8="
    }
  }
}
